// !$*UTF8*$!
{
	archiveVersion = 1;
	classes = {
	};
	objectVersion = 50;
	objects = {

/* Begin PBXBuildFile section */
		0CA1B56622AD58D4002A8FB8 /* AppDelegate.swift in Sources */ = {isa = PBXBuildFile; fileRef = 0CA1B56522AD58D4002A8FB8 /* AppDelegate.swift */; };
		0CA1B56822AD58D4002A8FB8 /* SceneDelegate.swift in Sources */ = {isa = PBXBuildFile; fileRef = 0CA1B56722AD58D4002A8FB8 /* SceneDelegate.swift */; };
		0CA1B56A22AD58D4002A8FB8 /* ContentView.swift in Sources */ = {isa = PBXBuildFile; fileRef = 0CA1B56922AD58D4002A8FB8 /* ContentView.swift */; };
		0CA1B56C22AD58D4002A8FB8 /* Assets.xcassets in Resources */ = {isa = PBXBuildFile; fileRef = 0CA1B56B22AD58D4002A8FB8 /* Assets.xcassets */; };
		0CA1B56F22AD58D4002A8FB8 /* Preview Assets.xcassets in Resources */ = {isa = PBXBuildFile; fileRef = 0CA1B56E22AD58D4002A8FB8 /* Preview Assets.xcassets */; };
		0CA1B57222AD58D4002A8FB8 /* LaunchScreen.storyboard in Resources */ = {isa = PBXBuildFile; fileRef = 0CA1B57022AD58D4002A8FB8 /* LaunchScreen.storyboard */; };
		0CA1B57A22AD58EE002A8FB8 /* LICENSE in Resources */ = {isa = PBXBuildFile; fileRef = 0CA1B57922AD58EE002A8FB8 /* LICENSE */; };
		0CA1B57D22AD5E24002A8FB8 /* TextFieldView.swift in Sources */ = {isa = PBXBuildFile; fileRef = 0CA1B57C22AD5E24002A8FB8 /* TextFieldView.swift */; };
		0CBF078222AD654600E2A966 /* TextView.swift in Sources */ = {isa = PBXBuildFile; fileRef = 0CBF078122AD654600E2A966 /* TextView.swift */; };
		0CBF078422AD6F9A00E2A966 /* ListView.swift in Sources */ = {isa = PBXBuildFile; fileRef = 0CBF078322AD6F9A00E2A966 /* ListView.swift */; };
		0CBF078622AD6FF400E2A966 /* Tutorial.swift in Sources */ = {isa = PBXBuildFile; fileRef = 0CBF078522AD6FF400E2A966 /* Tutorial.swift */; };
		0CBF078822AD73FE00E2A966 /* TutorialStorage.swift in Sources */ = {isa = PBXBuildFile; fileRef = 0CBF078722AD73FE00E2A966 /* TutorialStorage.swift */; };
		0CBF078A22AD78DF00E2A966 /* Data.swift in Sources */ = {isa = PBXBuildFile; fileRef = 0CBF078922AD78DF00E2A966 /* Data.swift */; };
		0CBF078C22AD81D800E2A966 /* TutorialView.swift in Sources */ = {isa = PBXBuildFile; fileRef = 0CBF078B22AD81D800E2A966 /* TutorialView.swift */; };
		0CE3FD4C22AEC89700B203CF /* ImageView.swift in Sources */ = {isa = PBXBuildFile; fileRef = 0CE3FD4B22AEC89700B203CF /* ImageView.swift */; };
/* End PBXBuildFile section */

/* Begin PBXFileReference section */
		0CA1B56222AD58D4002A8FB8 /* SUI.app */ = {isa = PBXFileReference; explicitFileType = wrapper.application; includeInIndex = 0; path = SUI.app; sourceTree = BUILT_PRODUCTS_DIR; };
		0CA1B56522AD58D4002A8FB8 /* AppDelegate.swift */ = {isa = PBXFileReference; lastKnownFileType = sourcecode.swift; path = AppDelegate.swift; sourceTree = "<group>"; };
		0CA1B56722AD58D4002A8FB8 /* SceneDelegate.swift */ = {isa = PBXFileReference; lastKnownFileType = sourcecode.swift; path = SceneDelegate.swift; sourceTree = "<group>"; };
		0CA1B56922AD58D4002A8FB8 /* ContentView.swift */ = {isa = PBXFileReference; lastKnownFileType = sourcecode.swift; path = ContentView.swift; sourceTree = "<group>"; };
		0CA1B56B22AD58D4002A8FB8 /* Assets.xcassets */ = {isa = PBXFileReference; lastKnownFileType = folder.assetcatalog; path = Assets.xcassets; sourceTree = "<group>"; };
		0CA1B56E22AD58D4002A8FB8 /* Preview Assets.xcassets */ = {isa = PBXFileReference; lastKnownFileType = folder.assetcatalog; path = "Preview Assets.xcassets"; sourceTree = "<group>"; };
		0CA1B57122AD58D4002A8FB8 /* Base */ = {isa = PBXFileReference; lastKnownFileType = file.storyboard; name = Base; path = Base.lproj/LaunchScreen.storyboard; sourceTree = "<group>"; };
		0CA1B57322AD58D4002A8FB8 /* Info.plist */ = {isa = PBXFileReference; lastKnownFileType = text.plist.xml; path = Info.plist; sourceTree = "<group>"; };
		0CA1B57922AD58EE002A8FB8 /* LICENSE */ = {isa = PBXFileReference; lastKnownFileType = text; path = LICENSE; sourceTree = "<group>"; };
		0CA1B57B22AD5913002A8FB8 /* README.md */ = {isa = PBXFileReference; lastKnownFileType = net.daringfireball.markdown; path = README.md; sourceTree = "<group>"; };
		0CA1B57C22AD5E24002A8FB8 /* TextFieldView.swift */ = {isa = PBXFileReference; lastKnownFileType = sourcecode.swift; path = TextFieldView.swift; sourceTree = "<group>"; };
		0CBF078122AD654600E2A966 /* TextView.swift */ = {isa = PBXFileReference; lastKnownFileType = sourcecode.swift; path = TextView.swift; sourceTree = "<group>"; };
		0CBF078322AD6F9A00E2A966 /* ListView.swift */ = {isa = PBXFileReference; lastKnownFileType = sourcecode.swift; path = ListView.swift; sourceTree = "<group>"; };
		0CBF078522AD6FF400E2A966 /* Tutorial.swift */ = {isa = PBXFileReference; lastKnownFileType = sourcecode.swift; path = Tutorial.swift; sourceTree = "<group>"; };
		0CBF078722AD73FE00E2A966 /* TutorialStorage.swift */ = {isa = PBXFileReference; lastKnownFileType = sourcecode.swift; path = TutorialStorage.swift; sourceTree = "<group>"; };
		0CBF078922AD78DF00E2A966 /* Data.swift */ = {isa = PBXFileReference; lastKnownFileType = sourcecode.swift; path = Data.swift; sourceTree = "<group>"; };
		0CBF078B22AD81D800E2A966 /* TutorialView.swift */ = {isa = PBXFileReference; lastKnownFileType = sourcecode.swift; name = TutorialView.swift; path = SUI/TutorialView.swift; sourceTree = "<group>"; };
		0CE3FD4B22AEC89700B203CF /* ImageView.swift */ = {isa = PBXFileReference; lastKnownFileType = sourcecode.swift; name = ImageView.swift; path = SUI/ImageView.swift; sourceTree = "<group>"; };
/* End PBXFileReference section */

/* Begin PBXFrameworksBuildPhase section */
		0CA1B55F22AD58D4002A8FB8 /* Frameworks */ = {
			isa = PBXFrameworksBuildPhase;
			buildActionMask = 2147483647;
			files = (
			);
			runOnlyForDeploymentPostprocessing = 0;
		};
/* End PBXFrameworksBuildPhase section */

/* Begin PBXGroup section */
		0CA1B55922AD58D4002A8FB8 = {
			isa = PBXGroup;
			children = (
				0CE3FD4B22AEC89700B203CF /* ImageView.swift */,
				0CBF078B22AD81D800E2A966 /* TutorialView.swift */,
				0CA1B56422AD58D4002A8FB8 /* SUI */,
				0CA1B56322AD58D4002A8FB8 /* Products */,
			);
			sourceTree = "<group>";
		};
		0CA1B56322AD58D4002A8FB8 /* Products */ = {
			isa = PBXGroup;
			children = (
				0CA1B56222AD58D4002A8FB8 /* SUI.app */,
			);
			name = Products;
			sourceTree = "<group>";
		};
		0CA1B56422AD58D4002A8FB8 /* SUI */ = {
			isa = PBXGroup;
			children = (
				0CA1B56522AD58D4002A8FB8 /* AppDelegate.swift */,
				0CA1B56722AD58D4002A8FB8 /* SceneDelegate.swift */,
				0CA1B56922AD58D4002A8FB8 /* ContentView.swift */,
				0CA1B56B22AD58D4002A8FB8 /* Assets.xcassets */,
				0CA1B57022AD58D4002A8FB8 /* LaunchScreen.storyboard */,
				0CA1B57322AD58D4002A8FB8 /* Info.plist */,
				0CA1B56D22AD58D4002A8FB8 /* Preview Content */,
				0CA1B57922AD58EE002A8FB8 /* LICENSE */,
				0CA1B57B22AD5913002A8FB8 /* README.md */,
				0CA1B57C22AD5E24002A8FB8 /* TextFieldView.swift */,
				0CBF078922AD78DF00E2A966 /* Data.swift */,
				0CBF078122AD654600E2A966 /* TextView.swift */,
				0CBF078322AD6F9A00E2A966 /* ListView.swift */,
				0CBF078522AD6FF400E2A966 /* Tutorial.swift */,
				0CBF078722AD73FE00E2A966 /* TutorialStorage.swift */,
			);
			path = SUI;
			sourceTree = "<group>";
		};
		0CA1B56D22AD58D4002A8FB8 /* Preview Content */ = {
			isa = PBXGroup;
			children = (
				0CA1B56E22AD58D4002A8FB8 /* Preview Assets.xcassets */,
			);
			path = "Preview Content";
			sourceTree = "<group>";
		};
/* End PBXGroup section */

/* Begin PBXNativeTarget section */
		0CA1B56122AD58D4002A8FB8 /* SUI */ = {
			isa = PBXNativeTarget;
			buildConfigurationList = 0CA1B57622AD58D4002A8FB8 /* Build configuration list for PBXNativeTarget "SUI" */;
			buildPhases = (
				0CA1B55E22AD58D4002A8FB8 /* Sources */,
				0CA1B55F22AD58D4002A8FB8 /* Frameworks */,
				0CA1B56022AD58D4002A8FB8 /* Resources */,
			);
			buildRules = (
			);
			dependencies = (
			);
			name = SUI;
			productName = SUI;
			productReference = 0CA1B56222AD58D4002A8FB8 /* SUI.app */;
			productType = "com.apple.product-type.application";
		};
/* End PBXNativeTarget section */

/* Begin PBXProject section */
		0CA1B55A22AD58D4002A8FB8 /* Project object */ = {
			isa = PBXProject;
			attributes = {
				LastSwiftUpdateCheck = 1100;
				LastUpgradeCheck = 1100;
				ORGANIZATIONNAME = Chams;
				TargetAttributes = {
					0CA1B56122AD58D4002A8FB8 = {
						CreatedOnToolsVersion = 11.0;
					};
				};
			};
			buildConfigurationList = 0CA1B55D22AD58D4002A8FB8 /* Build configuration list for PBXProject "SUI" */;
			compatibilityVersion = "Xcode 9.3";
			developmentRegion = en;
			hasScannedForEncodings = 0;
			knownRegions = (
				en,
				Base,
			);
			mainGroup = 0CA1B55922AD58D4002A8FB8;
			productRefGroup = 0CA1B56322AD58D4002A8FB8 /* Products */;
			projectDirPath = "";
			projectRoot = "";
			targets = (
				0CA1B56122AD58D4002A8FB8 /* SUI */,
			);
		};
/* End PBXProject section */

/* Begin PBXResourcesBuildPhase section */
		0CA1B56022AD58D4002A8FB8 /* Resources */ = {
			isa = PBXResourcesBuildPhase;
			buildActionMask = 2147483647;
			files = (
				0CA1B57222AD58D4002A8FB8 /* LaunchScreen.storyboard in Resources */,
				0CA1B56F22AD58D4002A8FB8 /* Preview Assets.xcassets in Resources */,
				0CA1B57A22AD58EE002A8FB8 /* LICENSE in Resources */,
				0CA1B56C22AD58D4002A8FB8 /* Assets.xcassets in Resources */,
			);
			runOnlyForDeploymentPostprocessing = 0;
		};
/* End PBXResourcesBuildPhase section */

/* Begin PBXSourcesBuildPhase section */
		0CA1B55E22AD58D4002A8FB8 /* Sources */ = {
			isa = PBXSourcesBuildPhase;
			buildActionMask = 2147483647;
			files = (
				0CA1B56622AD58D4002A8FB8 /* AppDelegate.swift in Sources */,
				0CBF078822AD73FE00E2A966 /* TutorialStorage.swift in Sources */,
				0CA1B56822AD58D4002A8FB8 /* SceneDelegate.swift in Sources */,
				0CBF078422AD6F9A00E2A966 /* ListView.swift in Sources */,
				0CE3FD4C22AEC89700B203CF /* ImageView.swift in Sources */,
				0CA1B57D22AD5E24002A8FB8 /* TextFieldView.swift in Sources */,
				0CA1B56A22AD58D4002A8FB8 /* ContentView.swift in Sources */,
				0CBF078622AD6FF400E2A966 /* Tutorial.swift in Sources */,
				0CBF078A22AD78DF00E2A966 /* Data.swift in Sources */,
				0CBF078C22AD81D800E2A966 /* TutorialView.swift in Sources */,
				0CBF078222AD654600E2A966 /* TextView.swift in Sources */,
			);
			runOnlyForDeploymentPostprocessing = 0;
		};
/* End PBXSourcesBuildPhase section */

/* Begin PBXVariantGroup section */
		0CA1B57022AD58D4002A8FB8 /* LaunchScreen.storyboard */ = {
			isa = PBXVariantGroup;
			children = (
				0CA1B57122AD58D4002A8FB8 /* Base */,
			);
			name = LaunchScreen.storyboard;
			sourceTree = "<group>";
		};
/* End PBXVariantGroup section */

/* Begin XCBuildConfiguration section */
		0CA1B57422AD58D4002A8FB8 /* Debug */ = {
			isa = XCBuildConfiguration;
			buildSettings = {
				ALWAYS_SEARCH_USER_PATHS = NO;
				CLANG_ANALYZER_NONNULL = YES;
				CLANG_ANALYZER_NUMBER_OBJECT_CONVERSION = YES_AGGRESSIVE;
				CLANG_CXX_LANGUAGE_STANDARD = "gnu++14";
				CLANG_CXX_LIBRARY = "libc++";
				CLANG_ENABLE_MODULES = YES;
				CLANG_ENABLE_OBJC_ARC = YES;
				CLANG_ENABLE_OBJC_WEAK = YES;
				CLANG_WARN_BLOCK_CAPTURE_AUTORELEASING = YES;
				CLANG_WARN_BOOL_CONVERSION = YES;
				CLANG_WARN_COMMA = YES;
				CLANG_WARN_CONSTANT_CONVERSION = YES;
				CLANG_WARN_DEPRECATED_OBJC_IMPLEMENTATIONS = YES;
				CLANG_WARN_DIRECT_OBJC_ISA_USAGE = YES_ERROR;
				CLANG_WARN_DOCUMENTATION_COMMENTS = YES;
				CLANG_WARN_EMPTY_BODY = YES;
				CLANG_WARN_ENUM_CONVERSION = YES;
				CLANG_WARN_INFINITE_RECURSION = YES;
				CLANG_WARN_INT_CONVERSION = YES;
				CLANG_WARN_NON_LITERAL_NULL_CONVERSION = YES;
				CLANG_WARN_OBJC_IMPLICIT_RETAIN_SELF = YES;
				CLANG_WARN_OBJC_LITERAL_CONVERSION = YES;
				CLANG_WARN_OBJC_ROOT_CLASS = YES_ERROR;
				CLANG_WARN_RANGE_LOOP_ANALYSIS = YES;
				CLANG_WARN_STRICT_PROTOTYPES = YES;
				CLANG_WARN_SUSPICIOUS_MOVE = YES;
				CLANG_WARN_UNGUARDED_AVAILABILITY = YES_AGGRESSIVE;
				CLANG_WARN_UNREACHABLE_CODE = YES;
				CLANG_WARN__DUPLICATE_METHOD_MATCH = YES;
				COPY_PHASE_STRIP = NO;
				DEBUG_INFORMATION_FORMAT = dwarf;
				ENABLE_STRICT_OBJC_MSGSEND = YES;
				ENABLE_TESTABILITY = YES;
				GCC_C_LANGUAGE_STANDARD = gnu11;
				GCC_DYNAMIC_NO_PIC = NO;
				GCC_NO_COMMON_BLOCKS = YES;
				GCC_OPTIMIZATION_LEVEL = 0;
				GCC_PREPROCESSOR_DEFINITIONS = (
					"DEBUG=1",
					"$(inherited)",
				);
				GCC_WARN_64_TO_32_BIT_CONVERSION = YES;
				GCC_WARN_ABOUT_RETURN_TYPE = YES_ERROR;
				GCC_WARN_UNDECLARED_SELECTOR = YES;
				GCC_WARN_UNINITIALIZED_AUTOS = YES_AGGRESSIVE;
				GCC_WARN_UNUSED_FUNCTION = YES;
				GCC_WARN_UNUSED_VARIABLE = YES;
				IPHONEOS_DEPLOYMENT_TARGET = 13.0;
				MTL_ENABLE_DEBUG_INFO = INCLUDE_SOURCE;
				MTL_FAST_MATH = YES;
				ONLY_ACTIVE_ARCH = YES;
				SDKROOT = iphoneos;
				SWIFT_ACTIVE_COMPILATION_CONDITIONS = DEBUG;
				SWIFT_OPTIMIZATION_LEVEL = "-Onone";
			};
			name = Debug;
		};
		0CA1B57522AD58D4002A8FB8 /* Release */ = {
			isa = XCBuildConfiguration;
			buildSettings = {
				ALWAYS_SEARCH_USER_PATHS = NO;
				CLANG_ANALYZER_NONNULL = YES;
				CLANG_ANALYZER_NUMBER_OBJECT_CONVERSION = YES_AGGRESSIVE;
				CLANG_CXX_LANGUAGE_STANDARD = "gnu++14";
				CLANG_CXX_LIBRARY = "libc++";
				CLANG_ENABLE_MODULES = YES;
				CLANG_ENABLE_OBJC_ARC = YES;
				CLANG_ENABLE_OBJC_WEAK = YES;
				CLANG_WARN_BLOCK_CAPTURE_AUTORELEASING = YES;
				CLANG_WARN_BOOL_CONVERSION = YES;
				CLANG_WARN_COMMA = YES;
				CLANG_WARN_CONSTANT_CONVERSION = YES;
				CLANG_WARN_DEPRECATED_OBJC_IMPLEMENTATIONS = YES;
				CLANG_WARN_DIRECT_OBJC_ISA_USAGE = YES_ERROR;
				CLANG_WARN_DOCUMENTATION_COMMENTS = YES;
				CLANG_WARN_EMPTY_BODY = YES;
				CLANG_WARN_ENUM_CONVERSION = YES;
				CLANG_WARN_INFINITE_RECURSION = YES;
				CLANG_WARN_INT_CONVERSION = YES;
				CLANG_WARN_NON_LITERAL_NULL_CONVERSION = YES;
				CLANG_WARN_OBJC_IMPLICIT_RETAIN_SELF = YES;
				CLANG_WARN_OBJC_LITERAL_CONVERSION = YES;
				CLANG_WARN_OBJC_ROOT_CLASS = YES_ERROR;
				CLANG_WARN_RANGE_LOOP_ANALYSIS = YES;
				CLANG_WARN_STRICT_PROTOTYPES = YES;
				CLANG_WARN_SUSPICIOUS_MOVE = YES;
				CLANG_WARN_UNGUARDED_AVAILABILITY = YES_AGGRESSIVE;
				CLANG_WARN_UNREACHABLE_CODE = YES;
				CLANG_WARN__DUPLICATE_METHOD_MATCH = YES;
				COPY_PHASE_STRIP = NO;
				DEBUG_INFORMATION_FORMAT = "dwarf-with-dsym";
				ENABLE_NS_ASSERTIONS = NO;
				ENABLE_STRICT_OBJC_MSGSEND = YES;
				GCC_C_LANGUAGE_STANDARD = gnu11;
				GCC_NO_COMMON_BLOCKS = YES;
				GCC_WARN_64_TO_32_BIT_CONVERSION = YES;
				GCC_WARN_ABOUT_RETURN_TYPE = YES_ERROR;
				GCC_WARN_UNDECLARED_SELECTOR = YES;
				GCC_WARN_UNINITIALIZED_AUTOS = YES_AGGRESSIVE;
				GCC_WARN_UNUSED_FUNCTION = YES;
				GCC_WARN_UNUSED_VARIABLE = YES;
				IPHONEOS_DEPLOYMENT_TARGET = 13.0;
				MTL_ENABLE_DEBUG_INFO = NO;
				MTL_FAST_MATH = YES;
				SDKROOT = iphoneos;
				SWIFT_COMPILATION_MODE = wholemodule;
				SWIFT_OPTIMIZATION_LEVEL = "-O";
				VALIDATE_PRODUCT = YES;
			};
			name = Release;
		};
		0CA1B57722AD58D4002A8FB8 /* Debug */ = {
			isa = XCBuildConfiguration;
			buildSettings = {
				ASSETCATALOG_COMPILER_APPICON_NAME = AppIcon;
				CODE_SIGN_STYLE = Automatic;
				DEVELOPMENT_ASSET_PATHS = "SUI/Preview\\ Content";
				DEVELOPMENT_TEAM = JD3J5GCV9C;
				ENABLE_PREVIEWS = YES;
				INFOPLIST_FILE = SUI/Info.plist;
				LD_RUNPATH_SEARCH_PATHS = (
					"$(inherited)",
					"@executable_path/Frameworks",
				);
				PRODUCT_BUNDLE_IDENTIFIER = com.chams.SUI;
				PRODUCT_NAME = "$(TARGET_NAME)";
				SWIFT_VERSION = 5.0;
				TARGETED_DEVICE_FAMILY = "1,2";
			};
			name = Debug;
		};
		0CA1B57822AD58D4002A8FB8 /* Release */ = {
			isa = XCBuildConfiguration;
			buildSettings = {
				ASSETCATALOG_COMPILER_APPICON_NAME = AppIcon;
				CODE_SIGN_STYLE = Automatic;
				DEVELOPMENT_ASSET_PATHS = "SUI/Preview\\ Content";
				DEVELOPMENT_TEAM = JD3J5GCV9C;
				ENABLE_PREVIEWS = YES;
				INFOPLIST_FILE = SUI/Info.plist;
				LD_RUNPATH_SEARCH_PATHS = (
					"$(inherited)",
					"@executable_path/Frameworks",
				);
				PRODUCT_BUNDLE_IDENTIFIER = com.chams.SUI;
				PRODUCT_NAME = "$(TARGET_NAME)";
				SWIFT_VERSION = 5.0;
				TARGETED_DEVICE_FAMILY = "1,2";
			};
			name = Release;
		};
/* End XCBuildConfiguration section */

/* Begin XCConfigurationList section */
		0CA1B55D22AD58D4002A8FB8 /* Build configuration list for PBXProject "SUI" */ = {
			isa = XCConfigurationList;
			buildConfigurations = (
				0CA1B57422AD58D4002A8FB8 /* Debug */,
				0CA1B57522AD58D4002A8FB8 /* Release */,
			);
			defaultConfigurationIsVisible = 0;
			defaultConfigurationName = Release;
		};
		0CA1B57622AD58D4002A8FB8 /* Build configuration list for PBXNativeTarget "SUI" */ = {
			isa = XCConfigurationList;
			buildConfigurations = (
				0CA1B57722AD58D4002A8FB8 /* Debug */,
				0CA1B57822AD58D4002A8FB8 /* Release */,
			);
			defaultConfigurationIsVisible = 0;
			defaultConfigurationName = Release;
		};
/* End XCConfigurationList section */
	};
	rootObject = 0CA1B55A22AD58D4002A8FB8 /* Project object */;
}
